
Microsoft Visual Studio Solution File, Format Version 12.00
# Visual Studio Version 16
VisualStudioVersion = 16.0.29509.3
MinimumVisualStudioVersion = 10.0.40219.1
Project("{F184B08F-C81C-45F6-A57F-5ABD9991F28F}") = "Name Age Address to txt xml json", "Name Age Address to txt xml json\Name Age Address to txt xml json.vbproj", "{41962996-64A8-4024-9DAE-C1CED67112ED}"
EndProject
Global
	GlobalSection(SolutionConfigurationPlatforms) = preSolution
		Debug|Any CPU = Debug|Any CPU
		Release|Any CPU = Release|Any CPU
	EndGlobalSection
	GlobalSection(ProjectConfigurationPlatforms) = postSolution
		{41962996-64A8-4024-9DAE-C1CED67112ED}.Debug|Any CPU.ActiveCfg = Debug|Any CPU
		{41962996-64A8-4024-9DAE-C1CED67112ED}.Debug|Any CPU.Build.0 = Debug|Any CPU
		{41962996-64A8-4024-9DAE-C1CED67112ED}.Release|Any CPU.ActiveCfg = Release|Any CPU
		{41962996-64A8-4024-9DAE-C1CED67112ED}.Release|Any CPU.Build.0 = Release|Any CPU
	EndGlobalSection
	GlobalSection(SolutionProperties) = preSolution
		HideSolutionNode = FALSE
	EndGlobalSection
	GlobalSection(ExtensibilityGlobals) = postSolution
		SolutionGuid = {0A4CCC32-D973-4D56-9089-60D7785EC3B8}
	EndGlobalSection
EndGlobal
